
Microsoft Visual Studio Solution File, Format Version 12.00
# Visual Studio Version 16
VisualStudioVersion = 16.0.29709.97
MinimumVisualStudioVersion = 10.0.40219.1
Project("{FAE04EC0-301F-11D3-BF4B-00C04F79EFBC}") = "GetLargestNumber", "GetLargestNumber\GetLargestNumber.csproj", "{878BAD1D-B978-4551-BF23-1AF5DBA37257}"
EndProject
Global
	GlobalSection(SolutionConfigurationPlatforms) = preSolution
		Debug|Any CPU = Debug|Any CPU
		Release|Any CPU = Release|Any CPU
	EndGlobalSection
	GlobalSection(ProjectConfigurationPlatforms) = postSolution
		{878BAD1D-B978-4551-BF23-1AF5DBA37257}.Debug|Any CPU.ActiveCfg = Debug|Any CPU
		{878BAD1D-B978-4551-BF23-1AF5DBA37257}.Debug|Any CPU.Build.0 = Debug|Any CPU
		{878BAD1D-B978-4551-BF23-1AF5DBA37257}.Release|Any CPU.ActiveCfg = Release|Any CPU
		{878BAD1D-B978-4551-BF23-1AF5DBA37257}.Release|Any CPU.Build.0 = Release|Any CPU
	EndGlobalSection
	GlobalSection(SolutionProperties) = preSolution
		HideSolutionNode = FALSE
	EndGlobalSection
	GlobalSection(ExtensibilityGlobals) = postSolution
		SolutionGuid = {69393943-F389-4590-94F5-5F57CF4C364C}
	EndGlobalSection
EndGlobal
