
Microsoft Visual Studio Solution File, Format Version 12.00
# Visual Studio Version 16
VisualStudioVersion = 16.0.29709.97
MinimumVisualStudioVersion = 10.0.40219.1
Project("{FAE04EC0-301F-11D3-BF4B-00C04F79EFBC}") = "MaximalSum", "MaximalSum\MaximalSum.csproj", "{222032A6-B049-4EFA-B9D6-A818E256B514}"
EndProject
Global
	GlobalSection(SolutionConfigurationPlatforms) = preSolution
		Debug|Any CPU = Debug|Any CPU
		Release|Any CPU = Release|Any CPU
	EndGlobalSection
	GlobalSection(ProjectConfigurationPlatforms) = postSolution
		{222032A6-B049-4EFA-B9D6-A818E256B514}.Debug|Any CPU.ActiveCfg = Debug|Any CPU
		{222032A6-B049-4EFA-B9D6-A818E256B514}.Debug|Any CPU.Build.0 = Debug|Any CPU
		{222032A6-B049-4EFA-B9D6-A818E256B514}.Release|Any CPU.ActiveCfg = Release|Any CPU
		{222032A6-B049-4EFA-B9D6-A818E256B514}.Release|Any CPU.Build.0 = Release|Any CPU
	EndGlobalSection
	GlobalSection(SolutionProperties) = preSolution
		HideSolutionNode = FALSE
	EndGlobalSection
	GlobalSection(ExtensibilityGlobals) = postSolution
		SolutionGuid = {0D990452-DEC7-4CA6-960A-3A136375E922}
	EndGlobalSection
EndGlobal
