
Microsoft Visual Studio Solution File, Format Version 12.00
# Visual Studio Version 16
VisualStudioVersion = 16.0.29709.97
MinimumVisualStudioVersion = 10.0.40219.1
Project("{FAE04EC0-301F-11D3-BF4B-00C04F79EFBC}") = "CompareFloats", "CompareFloats\CompareFloats.csproj", "{038B18DF-4332-466B-A9B4-214B17486BDB}"
EndProject
Global
	GlobalSection(SolutionConfigurationPlatforms) = preSolution
		Debug|Any CPU = Debug|Any CPU
		Release|Any CPU = Release|Any CPU
	EndGlobalSection
	GlobalSection(ProjectConfigurationPlatforms) = postSolution
		{038B18DF-4332-466B-A9B4-214B17486BDB}.Debug|Any CPU.ActiveCfg = Debug|Any CPU
		{038B18DF-4332-466B-A9B4-214B17486BDB}.Debug|Any CPU.Build.0 = Debug|Any CPU
		{038B18DF-4332-466B-A9B4-214B17486BDB}.Release|Any CPU.ActiveCfg = Release|Any CPU
		{038B18DF-4332-466B-A9B4-214B17486BDB}.Release|Any CPU.Build.0 = Release|Any CPU
	EndGlobalSection
	GlobalSection(SolutionProperties) = preSolution
		HideSolutionNode = FALSE
	EndGlobalSection
	GlobalSection(ExtensibilityGlobals) = postSolution
		SolutionGuid = {A4A37E62-C749-4480-94A2-78200EFA5852}
	EndGlobalSection
EndGlobal
