
Microsoft Visual Studio Solution File, Format Version 12.00
# Visual Studio Version 16
VisualStudioVersion = 16.0.29709.97
MinimumVisualStudioVersion = 10.0.40219.1
Project("{FAE04EC0-301F-11D3-BF4B-00C04F79EFBC}") = "BeepSound", "BeepSound\BeepSound.csproj", "{0942FF9B-840F-47B0-8D56-F139D7B593DB}"
EndProject
Global
	GlobalSection(SolutionConfigurationPlatforms) = preSolution
		Debug|Any CPU = Debug|Any CPU
		Release|Any CPU = Release|Any CPU
	EndGlobalSection
	GlobalSection(ProjectConfigurationPlatforms) = postSolution
		{0942FF9B-840F-47B0-8D56-F139D7B593DB}.Debug|Any CPU.ActiveCfg = Debug|Any CPU
		{0942FF9B-840F-47B0-8D56-F139D7B593DB}.Debug|Any CPU.Build.0 = Debug|Any CPU
		{0942FF9B-840F-47B0-8D56-F139D7B593DB}.Release|Any CPU.ActiveCfg = Release|Any CPU
		{0942FF9B-840F-47B0-8D56-F139D7B593DB}.Release|Any CPU.Build.0 = Release|Any CPU
	EndGlobalSection
	GlobalSection(SolutionProperties) = preSolution
		HideSolutionNode = FALSE
	EndGlobalSection
	GlobalSection(ExtensibilityGlobals) = postSolution
		SolutionGuid = {063C3CAC-41C6-4059-8BE4-1825EDB0E527}
	EndGlobalSection
EndGlobal
