
Microsoft Visual Studio Solution File, Format Version 12.00
# Visual Studio Version 16
VisualStudioVersion = 16.0.29709.97
MinimumVisualStudioVersion = 10.0.40219.1
Project("{FAE04EC0-301F-11D3-BF4B-00C04F79EFBC}") = "ApperancCount", "ApperancCount\ApperancCount.csproj", "{FEEF6E06-EFDD-4E0A-B0B7-BB8B75D70431}"
EndProject
Global
	GlobalSection(SolutionConfigurationPlatforms) = preSolution
		Debug|Any CPU = Debug|Any CPU
		Release|Any CPU = Release|Any CPU
	EndGlobalSection
	GlobalSection(ProjectConfigurationPlatforms) = postSolution
		{FEEF6E06-EFDD-4E0A-B0B7-BB8B75D70431}.Debug|Any CPU.ActiveCfg = Debug|Any CPU
		{FEEF6E06-EFDD-4E0A-B0B7-BB8B75D70431}.Debug|Any CPU.Build.0 = Debug|Any CPU
		{FEEF6E06-EFDD-4E0A-B0B7-BB8B75D70431}.Release|Any CPU.ActiveCfg = Release|Any CPU
		{FEEF6E06-EFDD-4E0A-B0B7-BB8B75D70431}.Release|Any CPU.Build.0 = Release|Any CPU
	EndGlobalSection
	GlobalSection(SolutionProperties) = preSolution
		HideSolutionNode = FALSE
	EndGlobalSection
	GlobalSection(ExtensibilityGlobals) = postSolution
		SolutionGuid = {3504F4F1-F74A-4A01-8D4C-B83176FBC21F}
	EndGlobalSection
EndGlobal
