
Microsoft Visual Studio Solution File, Format Version 12.00
# Visual Studio Version 16
VisualStudioVersion = 16.0.29709.97
MinimumVisualStudioVersion = 10.0.40219.1
Project("{FAE04EC0-301F-11D3-BF4B-00C04F79EFBC}") = "DefiningClassAndObjectsExercise", "DefiningClassAndObjectsExercise\DefiningClassAndObjectsExercise.csproj", "{175FF518-787E-4503-9268-2293BDDF21BC}"
EndProject
Global
	GlobalSection(SolutionConfigurationPlatforms) = preSolution
		Debug|Any CPU = Debug|Any CPU
		Release|Any CPU = Release|Any CPU
	EndGlobalSection
	GlobalSection(ProjectConfigurationPlatforms) = postSolution
		{175FF518-787E-4503-9268-2293BDDF21BC}.Debug|Any CPU.ActiveCfg = Debug|Any CPU
		{175FF518-787E-4503-9268-2293BDDF21BC}.Debug|Any CPU.Build.0 = Debug|Any CPU
		{175FF518-787E-4503-9268-2293BDDF21BC}.Release|Any CPU.ActiveCfg = Release|Any CPU
		{175FF518-787E-4503-9268-2293BDDF21BC}.Release|Any CPU.Build.0 = Release|Any CPU
	EndGlobalSection
	GlobalSection(SolutionProperties) = preSolution
		HideSolutionNode = FALSE
	EndGlobalSection
	GlobalSection(ExtensibilityGlobals) = postSolution
		SolutionGuid = {90F05FBA-4083-40AA-AE10-920CED6D903C}
	EndGlobalSection
EndGlobal
