
Microsoft Visual Studio Solution File, Format Version 12.00
# Visual Studio Version 16
VisualStudioVersion = 16.0.29709.97
MinimumVisualStudioVersion = 10.0.40219.1
Project("{FAE04EC0-301F-11D3-BF4B-00C04F79EFBC}") = "BaseNToDecimal", "BaseNToDecimal\BaseNToDecimal.csproj", "{964CC47C-1BDE-4BE0-B62B-E3FB4453CFC1}"
EndProject
Global
	GlobalSection(SolutionConfigurationPlatforms) = preSolution
		Debug|Any CPU = Debug|Any CPU
		Release|Any CPU = Release|Any CPU
	EndGlobalSection
	GlobalSection(ProjectConfigurationPlatforms) = postSolution
		{964CC47C-1BDE-4BE0-B62B-E3FB4453CFC1}.Debug|Any CPU.ActiveCfg = Debug|Any CPU
		{964CC47C-1BDE-4BE0-B62B-E3FB4453CFC1}.Debug|Any CPU.Build.0 = Debug|Any CPU
		{964CC47C-1BDE-4BE0-B62B-E3FB4453CFC1}.Release|Any CPU.ActiveCfg = Release|Any CPU
		{964CC47C-1BDE-4BE0-B62B-E3FB4453CFC1}.Release|Any CPU.Build.0 = Release|Any CPU
	EndGlobalSection
	GlobalSection(SolutionProperties) = preSolution
		HideSolutionNode = FALSE
	EndGlobalSection
	GlobalSection(ExtensibilityGlobals) = postSolution
		SolutionGuid = {24B75C9F-C1A1-4A9E-A489-72460C76ADDD}
	EndGlobalSection
EndGlobal
