
Microsoft Visual Studio Solution File, Format Version 12.00
# Visual Studio Version 16
VisualStudioVersion = 16.0.29709.97
MinimumVisualStudioVersion = 10.0.40219.1
Project("{FAE04EC0-301F-11D3-BF4B-00C04F79EFBC}") = "NthBit", "NthBit\NthBit.csproj", "{F360BFB6-5DDA-4AE4-8B9B-4B0FB3103881}"
EndProject
Global
	GlobalSection(SolutionConfigurationPlatforms) = preSolution
		Debug|Any CPU = Debug|Any CPU
		Release|Any CPU = Release|Any CPU
	EndGlobalSection
	GlobalSection(ProjectConfigurationPlatforms) = postSolution
		{F360BFB6-5DDA-4AE4-8B9B-4B0FB3103881}.Debug|Any CPU.ActiveCfg = Debug|Any CPU
		{F360BFB6-5DDA-4AE4-8B9B-4B0FB3103881}.Debug|Any CPU.Build.0 = Debug|Any CPU
		{F360BFB6-5DDA-4AE4-8B9B-4B0FB3103881}.Release|Any CPU.ActiveCfg = Release|Any CPU
		{F360BFB6-5DDA-4AE4-8B9B-4B0FB3103881}.Release|Any CPU.Build.0 = Release|Any CPU
	EndGlobalSection
	GlobalSection(SolutionProperties) = preSolution
		HideSolutionNode = FALSE
	EndGlobalSection
	GlobalSection(ExtensibilityGlobals) = postSolution
		SolutionGuid = {AAF232B4-1EE8-4EED-AF89-4D0D0DECD310}
	EndGlobalSection
EndGlobal
