
Microsoft Visual Studio Solution File, Format Version 12.00
# Visual Studio Version 16
VisualStudioVersion = 16.0.29709.97
MinimumVisualStudioVersion = 10.0.40219.1
Project("{FAE04EC0-301F-11D3-BF4B-00C04F79EFBC}") = "SumOfFiveNumbers", "SumOfFiveNumbers\SumOfFiveNumbers.csproj", "{BBC15CAE-E2EB-4FB8-9B3E-74F5FC5EF1ED}"
EndProject
Global
	GlobalSection(SolutionConfigurationPlatforms) = preSolution
		Debug|Any CPU = Debug|Any CPU
		Release|Any CPU = Release|Any CPU
	EndGlobalSection
	GlobalSection(ProjectConfigurationPlatforms) = postSolution
		{BBC15CAE-E2EB-4FB8-9B3E-74F5FC5EF1ED}.Debug|Any CPU.ActiveCfg = Debug|Any CPU
		{BBC15CAE-E2EB-4FB8-9B3E-74F5FC5EF1ED}.Debug|Any CPU.Build.0 = Debug|Any CPU
		{BBC15CAE-E2EB-4FB8-9B3E-74F5FC5EF1ED}.Release|Any CPU.ActiveCfg = Release|Any CPU
		{BBC15CAE-E2EB-4FB8-9B3E-74F5FC5EF1ED}.Release|Any CPU.Build.0 = Release|Any CPU
	EndGlobalSection
	GlobalSection(SolutionProperties) = preSolution
		HideSolutionNode = FALSE
	EndGlobalSection
	GlobalSection(ExtensibilityGlobals) = postSolution
		SolutionGuid = {10E996B8-F718-4E2E-ABCF-79FC8564138C}
	EndGlobalSection
EndGlobal
