
Microsoft Visual Studio Solution File, Format Version 12.00
# Visual Studio Version 16
VisualStudioVersion = 16.0.29709.97
MinimumVisualStudioVersion = 10.0.40219.1
Project("{FAE04EC0-301F-11D3-BF4B-00C04F79EFBC}") = "HexToDecimal", "HexToDecimal\HexToDecimal.csproj", "{5A817E81-FA0D-4D41-9730-E6B777BDF22C}"
EndProject
Global
	GlobalSection(SolutionConfigurationPlatforms) = preSolution
		Debug|Any CPU = Debug|Any CPU
		Release|Any CPU = Release|Any CPU
	EndGlobalSection
	GlobalSection(ProjectConfigurationPlatforms) = postSolution
		{5A817E81-FA0D-4D41-9730-E6B777BDF22C}.Debug|Any CPU.ActiveCfg = Debug|Any CPU
		{5A817E81-FA0D-4D41-9730-E6B777BDF22C}.Debug|Any CPU.Build.0 = Debug|Any CPU
		{5A817E81-FA0D-4D41-9730-E6B777BDF22C}.Release|Any CPU.ActiveCfg = Release|Any CPU
		{5A817E81-FA0D-4D41-9730-E6B777BDF22C}.Release|Any CPU.Build.0 = Release|Any CPU
	EndGlobalSection
	GlobalSection(SolutionProperties) = preSolution
		HideSolutionNode = FALSE
	EndGlobalSection
	GlobalSection(ExtensibilityGlobals) = postSolution
		SolutionGuid = {B0B71112-4E9B-4DB2-B8A4-EA5A74A1E6FB}
	EndGlobalSection
EndGlobal
