
Microsoft Visual Studio Solution File, Format Version 12.00
# Visual Studio Version 16
VisualStudioVersion = 16.0.29709.97
MinimumVisualStudioVersion = 10.0.40219.1
Project("{FAE04EC0-301F-11D3-BF4B-00C04F79EFBC}") = "AnagramStrings", "AnagramStrings\AnagramStrings.csproj", "{C86FE230-3A65-4B0B-94E4-C1E8834E426B}"
EndProject
Global
	GlobalSection(SolutionConfigurationPlatforms) = preSolution
		Debug|Any CPU = Debug|Any CPU
		Release|Any CPU = Release|Any CPU
	EndGlobalSection
	GlobalSection(ProjectConfigurationPlatforms) = postSolution
		{C86FE230-3A65-4B0B-94E4-C1E8834E426B}.Debug|Any CPU.ActiveCfg = Debug|Any CPU
		{C86FE230-3A65-4B0B-94E4-C1E8834E426B}.Debug|Any CPU.Build.0 = Debug|Any CPU
		{C86FE230-3A65-4B0B-94E4-C1E8834E426B}.Release|Any CPU.ActiveCfg = Release|Any CPU
		{C86FE230-3A65-4B0B-94E4-C1E8834E426B}.Release|Any CPU.Build.0 = Release|Any CPU
	EndGlobalSection
	GlobalSection(SolutionProperties) = preSolution
		HideSolutionNode = FALSE
	EndGlobalSection
	GlobalSection(ExtensibilityGlobals) = postSolution
		SolutionGuid = {73EE7C45-7697-4EBE-845B-56B965C96C98}
	EndGlobalSection
EndGlobal
