
Microsoft Visual Studio Solution File, Format Version 12.00
# Visual Studio Version 16
VisualStudioVersion = 16.0.29709.97
MinimumVisualStudioVersion = 10.0.40219.1
Project("{FAE04EC0-301F-11D3-BF4B-00C04F79EFBC}") = "PrintASCIITable", "PrintASCIITable\PrintASCIITable.csproj", "{D9DD8C87-3DF3-4432-B03E-BFBB0C274E87}"
EndProject
Global
	GlobalSection(SolutionConfigurationPlatforms) = preSolution
		Debug|Any CPU = Debug|Any CPU
		Release|Any CPU = Release|Any CPU
	EndGlobalSection
	GlobalSection(ProjectConfigurationPlatforms) = postSolution
		{D9DD8C87-3DF3-4432-B03E-BFBB0C274E87}.Debug|Any CPU.ActiveCfg = Debug|Any CPU
		{D9DD8C87-3DF3-4432-B03E-BFBB0C274E87}.Debug|Any CPU.Build.0 = Debug|Any CPU
		{D9DD8C87-3DF3-4432-B03E-BFBB0C274E87}.Release|Any CPU.ActiveCfg = Release|Any CPU
		{D9DD8C87-3DF3-4432-B03E-BFBB0C274E87}.Release|Any CPU.Build.0 = Release|Any CPU
	EndGlobalSection
	GlobalSection(SolutionProperties) = preSolution
		HideSolutionNode = FALSE
	EndGlobalSection
	GlobalSection(ExtensibilityGlobals) = postSolution
		SolutionGuid = {2AE389E4-1D66-40A4-95B2-AC6D0A989E99}
	EndGlobalSection
EndGlobal
