
Microsoft Visual Studio Solution File, Format Version 12.00
# Visual Studio Version 16
VisualStudioVersion = 16.0.29709.97
MinimumVisualStudioVersion = 10.0.40219.1
Project("{FAE04EC0-301F-11D3-BF4B-00C04F79EFBC}") = "CompanyInfo", "CompanyInfo\CompanyInfo.csproj", "{C2E397B2-2FEE-4B96-8B48-458D14BE268F}"
EndProject
Global
	GlobalSection(SolutionConfigurationPlatforms) = preSolution
		Debug|Any CPU = Debug|Any CPU
		Release|Any CPU = Release|Any CPU
	EndGlobalSection
	GlobalSection(ProjectConfigurationPlatforms) = postSolution
		{C2E397B2-2FEE-4B96-8B48-458D14BE268F}.Debug|Any CPU.ActiveCfg = Debug|Any CPU
		{C2E397B2-2FEE-4B96-8B48-458D14BE268F}.Debug|Any CPU.Build.0 = Debug|Any CPU
		{C2E397B2-2FEE-4B96-8B48-458D14BE268F}.Release|Any CPU.ActiveCfg = Release|Any CPU
		{C2E397B2-2FEE-4B96-8B48-458D14BE268F}.Release|Any CPU.Build.0 = Release|Any CPU
	EndGlobalSection
	GlobalSection(SolutionProperties) = preSolution
		HideSolutionNode = FALSE
	EndGlobalSection
	GlobalSection(ExtensibilityGlobals) = postSolution
		SolutionGuid = {EBAF47F4-6B3E-41B0-9AE9-C0CFEC9A6FDB}
	EndGlobalSection
EndGlobal
