
Microsoft Visual Studio Solution File, Format Version 12.00
# Visual Studio Version 16
VisualStudioVersion = 16.0.29709.97
MinimumVisualStudioVersion = 10.0.40219.1
Project("{FAE04EC0-301F-11D3-BF4B-00C04F79EFBC}") = "NumberComparer", "NumberComparer\NumberComparer.csproj", "{65F664E3-6A6D-45EE-8707-33BE9FB3A7D2}"
EndProject
Global
	GlobalSection(SolutionConfigurationPlatforms) = preSolution
		Debug|Any CPU = Debug|Any CPU
		Release|Any CPU = Release|Any CPU
	EndGlobalSection
	GlobalSection(ProjectConfigurationPlatforms) = postSolution
		{65F664E3-6A6D-45EE-8707-33BE9FB3A7D2}.Debug|Any CPU.ActiveCfg = Debug|Any CPU
		{65F664E3-6A6D-45EE-8707-33BE9FB3A7D2}.Debug|Any CPU.Build.0 = Debug|Any CPU
		{65F664E3-6A6D-45EE-8707-33BE9FB3A7D2}.Release|Any CPU.ActiveCfg = Release|Any CPU
		{65F664E3-6A6D-45EE-8707-33BE9FB3A7D2}.Release|Any CPU.Build.0 = Release|Any CPU
	EndGlobalSection
	GlobalSection(SolutionProperties) = preSolution
		HideSolutionNode = FALSE
	EndGlobalSection
	GlobalSection(ExtensibilityGlobals) = postSolution
		SolutionGuid = {5BF7343C-9AD1-4BCE-9A89-EFA37E5A8774}
	EndGlobalSection
EndGlobal
