
Microsoft Visual Studio Solution File, Format Version 12.00
# Visual Studio Version 16
VisualStudioVersion = 16.0.29709.97
MinimumVisualStudioVersion = 10.0.40219.1
Project("{FAE04EC0-301F-11D3-BF4B-00C04F79EFBC}") = "DividedBy7And5", "DividedBy7And5\DividedBy7And5.csproj", "{760C81DC-CD89-4810-B77F-B5217F9A1816}"
EndProject
Global
	GlobalSection(SolutionConfigurationPlatforms) = preSolution
		Debug|Any CPU = Debug|Any CPU
		Release|Any CPU = Release|Any CPU
	EndGlobalSection
	GlobalSection(ProjectConfigurationPlatforms) = postSolution
		{760C81DC-CD89-4810-B77F-B5217F9A1816}.Debug|Any CPU.ActiveCfg = Debug|Any CPU
		{760C81DC-CD89-4810-B77F-B5217F9A1816}.Debug|Any CPU.Build.0 = Debug|Any CPU
		{760C81DC-CD89-4810-B77F-B5217F9A1816}.Release|Any CPU.ActiveCfg = Release|Any CPU
		{760C81DC-CD89-4810-B77F-B5217F9A1816}.Release|Any CPU.Build.0 = Release|Any CPU
	EndGlobalSection
	GlobalSection(SolutionProperties) = preSolution
		HideSolutionNode = FALSE
	EndGlobalSection
	GlobalSection(ExtensibilityGlobals) = postSolution
		SolutionGuid = {78F55761-0AC4-4D3D-975E-2F0024C13603}
	EndGlobalSection
EndGlobal
