
Microsoft Visual Studio Solution File, Format Version 12.00
# Visual Studio Version 16
VisualStudioVersion = 16.0.29709.97
MinimumVisualStudioVersion = 10.0.40219.1
Project("{FAE04EC0-301F-11D3-BF4B-00C04F79EFBC}") = "StringLength", "StringLength\StringLength.csproj", "{232CA03C-E26C-4DCE-8E20-F3125E8CA655}"
EndProject
Global
	GlobalSection(SolutionConfigurationPlatforms) = preSolution
		Debug|Any CPU = Debug|Any CPU
		Release|Any CPU = Release|Any CPU
	EndGlobalSection
	GlobalSection(ProjectConfigurationPlatforms) = postSolution
		{232CA03C-E26C-4DCE-8E20-F3125E8CA655}.Debug|Any CPU.ActiveCfg = Debug|Any CPU
		{232CA03C-E26C-4DCE-8E20-F3125E8CA655}.Debug|Any CPU.Build.0 = Debug|Any CPU
		{232CA03C-E26C-4DCE-8E20-F3125E8CA655}.Release|Any CPU.ActiveCfg = Release|Any CPU
		{232CA03C-E26C-4DCE-8E20-F3125E8CA655}.Release|Any CPU.Build.0 = Release|Any CPU
	EndGlobalSection
	GlobalSection(SolutionProperties) = preSolution
		HideSolutionNode = FALSE
	EndGlobalSection
	GlobalSection(ExtensibilityGlobals) = postSolution
		SolutionGuid = {9968DC1F-FED4-42CC-BCD0-0F11456301BB}
	EndGlobalSection
EndGlobal
