
Microsoft Visual Studio Solution File, Format Version 12.00
# Visual Studio Version 16
VisualStudioVersion = 16.0.29709.97
MinimumVisualStudioVersion = 10.0.40219.1
Project("{FAE04EC0-301F-11D3-BF4B-00C04F79EFBC}") = "BonusScore", "BonusScore\BonusScore.csproj", "{A1C4ECD0-A8A9-47CC-B69B-E5B1792873A9}"
EndProject
Global
	GlobalSection(SolutionConfigurationPlatforms) = preSolution
		Debug|Any CPU = Debug|Any CPU
		Release|Any CPU = Release|Any CPU
	EndGlobalSection
	GlobalSection(ProjectConfigurationPlatforms) = postSolution
		{A1C4ECD0-A8A9-47CC-B69B-E5B1792873A9}.Debug|Any CPU.ActiveCfg = Debug|Any CPU
		{A1C4ECD0-A8A9-47CC-B69B-E5B1792873A9}.Debug|Any CPU.Build.0 = Debug|Any CPU
		{A1C4ECD0-A8A9-47CC-B69B-E5B1792873A9}.Release|Any CPU.ActiveCfg = Release|Any CPU
		{A1C4ECD0-A8A9-47CC-B69B-E5B1792873A9}.Release|Any CPU.Build.0 = Release|Any CPU
	EndGlobalSection
	GlobalSection(SolutionProperties) = preSolution
		HideSolutionNode = FALSE
	EndGlobalSection
	GlobalSection(ExtensibilityGlobals) = postSolution
		SolutionGuid = {746A9C26-B255-4CC2-9FF9-BA3999504372}
	EndGlobalSection
EndGlobal
