
Microsoft Visual Studio Solution File, Format Version 12.00
# Visual Studio Version 16
VisualStudioVersion = 16.0.29709.97
MinimumVisualStudioVersion = 10.0.40219.1
Project("{FAE04EC0-301F-11D3-BF4B-00C04F79EFBC}") = "LettersCount", "LettersCount\LettersCount.csproj", "{87E387A2-B323-45C8-92AD-A0B75366B0D4}"
EndProject
Global
	GlobalSection(SolutionConfigurationPlatforms) = preSolution
		Debug|Any CPU = Debug|Any CPU
		Release|Any CPU = Release|Any CPU
	EndGlobalSection
	GlobalSection(ProjectConfigurationPlatforms) = postSolution
		{87E387A2-B323-45C8-92AD-A0B75366B0D4}.Debug|Any CPU.ActiveCfg = Debug|Any CPU
		{87E387A2-B323-45C8-92AD-A0B75366B0D4}.Debug|Any CPU.Build.0 = Debug|Any CPU
		{87E387A2-B323-45C8-92AD-A0B75366B0D4}.Release|Any CPU.ActiveCfg = Release|Any CPU
		{87E387A2-B323-45C8-92AD-A0B75366B0D4}.Release|Any CPU.Build.0 = Release|Any CPU
	EndGlobalSection
	GlobalSection(SolutionProperties) = preSolution
		HideSolutionNode = FALSE
	EndGlobalSection
	GlobalSection(ExtensibilityGlobals) = postSolution
		SolutionGuid = {7DAEEDCA-8A48-474D-B79D-B66355BA0E2C}
	EndGlobalSection
EndGlobal
