
Microsoft Visual Studio Solution File, Format Version 12.00
# Visual Studio Version 16
VisualStudioVersion = 16.0.29709.97
MinimumVisualStudioVersion = 10.0.40219.1
Project("{FAE04EC0-301F-11D3-BF4B-00C04F79EFBC}") = "SieveOfEratostenes", "SieveOfEratostenes\SieveOfEratostenes.csproj", "{14A24A89-D57B-40BE-83DC-99E56B231C69}"
EndProject
Global
	GlobalSection(SolutionConfigurationPlatforms) = preSolution
		Debug|Any CPU = Debug|Any CPU
		Release|Any CPU = Release|Any CPU
	EndGlobalSection
	GlobalSection(ProjectConfigurationPlatforms) = postSolution
		{14A24A89-D57B-40BE-83DC-99E56B231C69}.Debug|Any CPU.ActiveCfg = Debug|Any CPU
		{14A24A89-D57B-40BE-83DC-99E56B231C69}.Debug|Any CPU.Build.0 = Debug|Any CPU
		{14A24A89-D57B-40BE-83DC-99E56B231C69}.Release|Any CPU.ActiveCfg = Release|Any CPU
		{14A24A89-D57B-40BE-83DC-99E56B231C69}.Release|Any CPU.Build.0 = Release|Any CPU
	EndGlobalSection
	GlobalSection(SolutionProperties) = preSolution
		HideSolutionNode = FALSE
	EndGlobalSection
	GlobalSection(ExtensibilityGlobals) = postSolution
		SolutionGuid = {1D0B0F3A-4B0A-4946-BA5D-8C4ED3B774F8}
	EndGlobalSection
EndGlobal
