
Microsoft Visual Studio Solution File, Format Version 12.00
# Visual Studio Version 16
VisualStudioVersion = 16.0.29709.97
MinimumVisualStudioVersion = 10.0.40219.1
Project("{FAE04EC0-301F-11D3-BF4B-00C04F79EFBC}") = "OddOrEven", "OddOrEven\OddOrEven.csproj", "{2798A312-D66C-43BA-951A-74E2228A4B8F}"
EndProject
Global
	GlobalSection(SolutionConfigurationPlatforms) = preSolution
		Debug|Any CPU = Debug|Any CPU
		Release|Any CPU = Release|Any CPU
	EndGlobalSection
	GlobalSection(ProjectConfigurationPlatforms) = postSolution
		{2798A312-D66C-43BA-951A-74E2228A4B8F}.Debug|Any CPU.ActiveCfg = Debug|Any CPU
		{2798A312-D66C-43BA-951A-74E2228A4B8F}.Debug|Any CPU.Build.0 = Debug|Any CPU
		{2798A312-D66C-43BA-951A-74E2228A4B8F}.Release|Any CPU.ActiveCfg = Release|Any CPU
		{2798A312-D66C-43BA-951A-74E2228A4B8F}.Release|Any CPU.Build.0 = Release|Any CPU
	EndGlobalSection
	GlobalSection(SolutionProperties) = preSolution
		HideSolutionNode = FALSE
	EndGlobalSection
	GlobalSection(ExtensibilityGlobals) = postSolution
		SolutionGuid = {93FD698E-FAFA-483B-A9C8-277A5DABC007}
	EndGlobalSection
EndGlobal
